
Microsoft Visual Studio Solution File, Format Version 12.00
# Visual Studio Express 2013 for Web
VisualStudioVersion = 12.0.30723.0
MinimumVisualStudioVersion = 10.0.40219.1
Project("{FAE04EC0-301F-11D3-BF4B-00C04F79EFBC}") = "BullsAndCows.Models", "BullsAndCows.Models\BullsAndCows.Models.csproj", "{31664960-DFBA-4B85-92F8-D640F6ABF17E}"
EndProject
Project("{FAE04EC0-301F-11D3-BF4B-00C04F79EFBC}") = "BullsAndCows.Data", "BullsAndCows.Data\BullsAndCows.Data.csproj", "{73BAF87E-A930-4123-910B-C2DB33BD0AAA}"
EndProject
Project("{FAE04EC0-301F-11D3-BF4B-00C04F79EFBC}") = "BullsAndCows.WebAPI", "BullsAndCows.WebAPI\BullsAndCows.WebAPI.csproj", "{E62BC4E9-8D30-4C61-849A-A2D3B5A86772}"
EndProject
Project("{FAE04EC0-301F-11D3-BF4B-00C04F79EFBC}") = "BullsAndCows.WCF", "BullsAndCows.WCF\BullsAndCows.WCF.csproj", "{F6BD5907-EAFB-409F-B07F-4C295C0A0B4E}"
EndProject
Project("{2150E333-8FDC-42A3-9474-1A3956D46DE8}") = ".nuget", ".nuget", "{0FD7E2FB-39CA-42CF-8318-AE914175B51D}"
	ProjectSection(SolutionItems) = preProject
		.nuget\NuGet.Config = .nuget\NuGet.Config
		.nuget\NuGet.exe = .nuget\NuGet.exe
		.nuget\NuGet.targets = .nuget\NuGet.targets
	EndProjectSection
EndProject
Project("{FAE04EC0-301F-11D3-BF4B-00C04F79EFBC}") = "BullsAndCows.GameLogic", "BullsAndCows.GameLogic\BullsAndCows.GameLogic.csproj", "{4A86B3E2-767D-48EC-BD99-A1E254A3265B}"
EndProject
Global
	GlobalSection(SolutionConfigurationPlatforms) = preSolution
		Debug|Any CPU = Debug|Any CPU
		Release|Any CPU = Release|Any CPU
	EndGlobalSection
	GlobalSection(ProjectConfigurationPlatforms) = postSolution
		{31664960-DFBA-4B85-92F8-D640F6ABF17E}.Debug|Any CPU.ActiveCfg = Debug|Any CPU
		{31664960-DFBA-4B85-92F8-D640F6ABF17E}.Debug|Any CPU.Build.0 = Debug|Any CPU
		{31664960-DFBA-4B85-92F8-D640F6ABF17E}.Release|Any CPU.ActiveCfg = Release|Any CPU
		{31664960-DFBA-4B85-92F8-D640F6ABF17E}.Release|Any CPU.Build.0 = Release|Any CPU
		{73BAF87E-A930-4123-910B-C2DB33BD0AAA}.Debug|Any CPU.ActiveCfg = Debug|Any CPU
		{73BAF87E-A930-4123-910B-C2DB33BD0AAA}.Debug|Any CPU.Build.0 = Debug|Any CPU
		{73BAF87E-A930-4123-910B-C2DB33BD0AAA}.Release|Any CPU.ActiveCfg = Release|Any CPU
		{73BAF87E-A930-4123-910B-C2DB33BD0AAA}.Release|Any CPU.Build.0 = Release|Any CPU
		{E62BC4E9-8D30-4C61-849A-A2D3B5A86772}.Debug|Any CPU.ActiveCfg = Debug|Any CPU
		{E62BC4E9-8D30-4C61-849A-A2D3B5A86772}.Debug|Any CPU.Build.0 = Debug|Any CPU
		{E62BC4E9-8D30-4C61-849A-A2D3B5A86772}.Release|Any CPU.ActiveCfg = Release|Any CPU
		{E62BC4E9-8D30-4C61-849A-A2D3B5A86772}.Release|Any CPU.Build.0 = Release|Any CPU
		{F6BD5907-EAFB-409F-B07F-4C295C0A0B4E}.Debug|Any CPU.ActiveCfg = Debug|Any CPU
		{F6BD5907-EAFB-409F-B07F-4C295C0A0B4E}.Debug|Any CPU.Build.0 = Debug|Any CPU
		{F6BD5907-EAFB-409F-B07F-4C295C0A0B4E}.Release|Any CPU.ActiveCfg = Release|Any CPU
		{F6BD5907-EAFB-409F-B07F-4C295C0A0B4E}.Release|Any CPU.Build.0 = Release|Any CPU
		{4A86B3E2-767D-48EC-BD99-A1E254A3265B}.Debug|Any CPU.ActiveCfg = Debug|Any CPU
		{4A86B3E2-767D-48EC-BD99-A1E254A3265B}.Debug|Any CPU.Build.0 = Debug|Any CPU
		{4A86B3E2-767D-48EC-BD99-A1E254A3265B}.Release|Any CPU.ActiveCfg = Release|Any CPU
		{4A86B3E2-767D-48EC-BD99-A1E254A3265B}.Release|Any CPU.Build.0 = Release|Any CPU
	EndGlobalSection
	GlobalSection(SolutionProperties) = preSolution
		HideSolutionNode = FALSE
	EndGlobalSection
EndGlobal
