
Microsoft Visual Studio Solution File, Format Version 12.00
# Visual Studio 2013
VisualStudioVersion = 12.0.30723.0
MinimumVisualStudioVersion = 10.0.40219.1
Project("{FAE04EC0-301F-11D3-BF4B-00C04F79EFBC}") = "BullsAndCows.Models", "BullsAndCows.Models\BullsAndCows.Models.csproj", "{555A43E4-456F-46F1-97E7-7F05F3338B41}"
EndProject
Project("{FAE04EC0-301F-11D3-BF4B-00C04F79EFBC}") = "BullsAndCows.Data", "BullsAndCows.Data\BullsAndCows.Data.csproj", "{745778DC-2F16-4070-9AC5-99F59C6F15A2}"
EndProject
Project("{FAE04EC0-301F-11D3-BF4B-00C04F79EFBC}") = "BullsAndCows.Services", "BullsAndCows.Services\BullsAndCows.Services.csproj", "{F4F6A887-A23A-495D-9B9A-FD10603EE855}"
EndProject
Project("{2150E333-8FDC-42A3-9474-1A3956D46DE8}") = ".nuget", ".nuget", "{7839B960-B729-4118-AFDC-206F27C032E0}"
	ProjectSection(SolutionItems) = preProject
		.nuget\NuGet.Config = .nuget\NuGet.Config
		.nuget\NuGet.exe = .nuget\NuGet.exe
		.nuget\NuGet.targets = .nuget\NuGet.targets
	EndProjectSection
EndProject
Global
	GlobalSection(SolutionConfigurationPlatforms) = preSolution
		Debug|Any CPU = Debug|Any CPU
		Release|Any CPU = Release|Any CPU
	EndGlobalSection
	GlobalSection(ProjectConfigurationPlatforms) = postSolution
		{555A43E4-456F-46F1-97E7-7F05F3338B41}.Debug|Any CPU.ActiveCfg = Debug|Any CPU
		{555A43E4-456F-46F1-97E7-7F05F3338B41}.Debug|Any CPU.Build.0 = Debug|Any CPU
		{555A43E4-456F-46F1-97E7-7F05F3338B41}.Release|Any CPU.ActiveCfg = Release|Any CPU
		{555A43E4-456F-46F1-97E7-7F05F3338B41}.Release|Any CPU.Build.0 = Release|Any CPU
		{745778DC-2F16-4070-9AC5-99F59C6F15A2}.Debug|Any CPU.ActiveCfg = Debug|Any CPU
		{745778DC-2F16-4070-9AC5-99F59C6F15A2}.Debug|Any CPU.Build.0 = Debug|Any CPU
		{745778DC-2F16-4070-9AC5-99F59C6F15A2}.Release|Any CPU.ActiveCfg = Release|Any CPU
		{745778DC-2F16-4070-9AC5-99F59C6F15A2}.Release|Any CPU.Build.0 = Release|Any CPU
		{F4F6A887-A23A-495D-9B9A-FD10603EE855}.Debug|Any CPU.ActiveCfg = Debug|Any CPU
		{F4F6A887-A23A-495D-9B9A-FD10603EE855}.Debug|Any CPU.Build.0 = Debug|Any CPU
		{F4F6A887-A23A-495D-9B9A-FD10603EE855}.Release|Any CPU.ActiveCfg = Release|Any CPU
		{F4F6A887-A23A-495D-9B9A-FD10603EE855}.Release|Any CPU.Build.0 = Release|Any CPU
	EndGlobalSection
	GlobalSection(SolutionProperties) = preSolution
		HideSolutionNode = FALSE
	EndGlobalSection
EndGlobal
